
Microsoft Visual Studio Solution File, Format Version 12.00
# Visual Studio Version 17
VisualStudioVersion = 17.3.32825.248
MinimumVisualStudioVersion = 10.0.40219.1
Project("{9A19103F-16F7-4668-BE54-9A1E7A4F7556}") = "ExampleApp", "ExampleApp\ExampleApp.csproj", "{08C9CD87-7E6A-41A3-BEE6-51625D063E70}"
EndProject
Project("{9A19103F-16F7-4668-BE54-9A1E7A4F7556}") = "ExampleTests", "..\ExampleTests\ExampleTests.csproj", "{0C50F14E-B74C-40CD-9819-08844A07015F}"
EndProject
Project("{9A19103F-16F7-4668-BE54-9A1E7A4F7556}") = "ExampleRoslynDemos", "ExampleRoslynDemos\ExampleRoslynDemos.csproj", "{FDF451E4-E5DD-443D-87C0-CA3F115A5399}"
EndProject
Project("{FAE04EC0-301F-11D3-BF4B-00C04F79EFBC}") = "DemoHints", "DemoHints\DemoHints.csproj", "{6BD36C95-F002-4A1E-B2D4-5B59151CDAE5}"
EndProject
Global
	GlobalSection(SolutionConfigurationPlatforms) = preSolution
		Debug|Any CPU = Debug|Any CPU
		Release|Any CPU = Release|Any CPU
	EndGlobalSection
	GlobalSection(ProjectConfigurationPlatforms) = postSolution
		{08C9CD87-7E6A-41A3-BEE6-51625D063E70}.Debug|Any CPU.ActiveCfg = Debug|Any CPU
		{08C9CD87-7E6A-41A3-BEE6-51625D063E70}.Debug|Any CPU.Build.0 = Debug|Any CPU
		{08C9CD87-7E6A-41A3-BEE6-51625D063E70}.Release|Any CPU.ActiveCfg = Release|Any CPU
		{08C9CD87-7E6A-41A3-BEE6-51625D063E70}.Release|Any CPU.Build.0 = Release|Any CPU
		{0C50F14E-B74C-40CD-9819-08844A07015F}.Debug|Any CPU.ActiveCfg = Debug|Any CPU
		{0C50F14E-B74C-40CD-9819-08844A07015F}.Debug|Any CPU.Build.0 = Debug|Any CPU
		{0C50F14E-B74C-40CD-9819-08844A07015F}.Release|Any CPU.ActiveCfg = Release|Any CPU
		{0C50F14E-B74C-40CD-9819-08844A07015F}.Release|Any CPU.Build.0 = Release|Any CPU
		{FDF451E4-E5DD-443D-87C0-CA3F115A5399}.Debug|Any CPU.ActiveCfg = Debug|Any CPU
		{FDF451E4-E5DD-443D-87C0-CA3F115A5399}.Debug|Any CPU.Build.0 = Debug|Any CPU
		{FDF451E4-E5DD-443D-87C0-CA3F115A5399}.Release|Any CPU.ActiveCfg = Release|Any CPU
		{FDF451E4-E5DD-443D-87C0-CA3F115A5399}.Release|Any CPU.Build.0 = Release|Any CPU
		{6BD36C95-F002-4A1E-B2D4-5B59151CDAE5}.Debug|Any CPU.ActiveCfg = Debug|Any CPU
		{6BD36C95-F002-4A1E-B2D4-5B59151CDAE5}.Debug|Any CPU.Build.0 = Debug|Any CPU
		{6BD36C95-F002-4A1E-B2D4-5B59151CDAE5}.Release|Any CPU.ActiveCfg = Release|Any CPU
		{6BD36C95-F002-4A1E-B2D4-5B59151CDAE5}.Release|Any CPU.Build.0 = Release|Any CPU
	EndGlobalSection
	GlobalSection(SolutionProperties) = preSolution
		HideSolutionNode = FALSE
	EndGlobalSection
	GlobalSection(ExtensibilityGlobals) = postSolution
		SolutionGuid = {9683081E-0BB9-4EA8-AE41-2A5AB6EF3127}
	EndGlobalSection
EndGlobal
