
Microsoft Visual Studio Solution File, Format Version 12.00
# Visual Studio Version 17
VisualStudioVersion = 17.3.32825.248
MinimumVisualStudioVersion = 10.0.40219.1
Project("{9A19103F-16F7-4668-BE54-9A1E7A4F7556}") = "ExampleApp", "ExampleApp\ExampleApp.csproj", "{08C9CD87-7E6A-41A3-BEE6-51625D063E70}"
EndProject
Project("{FAE04EC0-301F-11D3-BF4B-00C04F79EFBC}") = "ExampleTests", "..\ExampleTests\ExampleTests.csproj", "{0C50F14E-B74C-40CD-9819-08844A07015F}"
EndProject
Project("{FAE04EC0-301F-11D3-BF4B-00C04F79EFBC}") = "ExampleRoslynCode", "..\ExampleRoslynCode\ExampleRoslynCode.csproj", "{1A8F1E57-E62B-4251-BDA7-CFFEA1A8C409}"
EndProject
Global
	GlobalSection(SolutionConfigurationPlatforms) = preSolution
		Debug|Any CPU = Debug|Any CPU
		Release|Any CPU = Release|Any CPU
	EndGlobalSection
	GlobalSection(ProjectConfigurationPlatforms) = postSolution
		{08C9CD87-7E6A-41A3-BEE6-51625D063E70}.Debug|Any CPU.ActiveCfg = Debug|Any CPU
		{08C9CD87-7E6A-41A3-BEE6-51625D063E70}.Debug|Any CPU.Build.0 = Debug|Any CPU
		{08C9CD87-7E6A-41A3-BEE6-51625D063E70}.Release|Any CPU.ActiveCfg = Release|Any CPU
		{08C9CD87-7E6A-41A3-BEE6-51625D063E70}.Release|Any CPU.Build.0 = Release|Any CPU
		{0C50F14E-B74C-40CD-9819-08844A07015F}.Debug|Any CPU.ActiveCfg = Debug|Any CPU
		{0C50F14E-B74C-40CD-9819-08844A07015F}.Debug|Any CPU.Build.0 = Debug|Any CPU
		{0C50F14E-B74C-40CD-9819-08844A07015F}.Release|Any CPU.ActiveCfg = Release|Any CPU
		{0C50F14E-B74C-40CD-9819-08844A07015F}.Release|Any CPU.Build.0 = Release|Any CPU
		{1A8F1E57-E62B-4251-BDA7-CFFEA1A8C409}.Debug|Any CPU.ActiveCfg = Debug|Any CPU
		{1A8F1E57-E62B-4251-BDA7-CFFEA1A8C409}.Debug|Any CPU.Build.0 = Debug|Any CPU
		{1A8F1E57-E62B-4251-BDA7-CFFEA1A8C409}.Release|Any CPU.ActiveCfg = Release|Any CPU
		{1A8F1E57-E62B-4251-BDA7-CFFEA1A8C409}.Release|Any CPU.Build.0 = Release|Any CPU
	EndGlobalSection
	GlobalSection(SolutionProperties) = preSolution
		HideSolutionNode = FALSE
	EndGlobalSection
	GlobalSection(ExtensibilityGlobals) = postSolution
		SolutionGuid = {9683081E-0BB9-4EA8-AE41-2A5AB6EF3127}
	EndGlobalSection
EndGlobal
